// !$*UTF8*$!
{
	archiveVersion = 1;
	classes = {
	};
	objectVersion = 46;
	objects = {

/* Begin PBXBuildFile section */
		6C0F40771C9A790D00F42EE2 /* AppDelegate.swift in Sources */ = {isa = PBXBuildFile; fileRef = 6C0F40761C9A790D00F42EE2 /* AppDelegate.swift */; };
		6C0F40791C9A790D00F42EE2 /* GameScene.sks in Resources */ = {isa = PBXBuildFile; fileRef = 6C0F40781C9A790D00F42EE2 /* GameScene.sks */; };
		6C0F407B1C9A790D00F42EE2 /* GameScene.swift in Sources */ = {isa = PBXBuildFile; fileRef = 6C0F407A1C9A790D00F42EE2 /* GameScene.swift */; };
		6C0F407D1C9A790D00F42EE2 /* GameViewController.swift in Sources */ = {isa = PBXBuildFile; fileRef = 6C0F407C1C9A790D00F42EE2 /* GameViewController.swift */; };
		6C0F40801C9A790D00F42EE2 /* Main.storyboard in Resources */ = {isa = PBXBuildFile; fileRef = 6C0F407E1C9A790D00F42EE2 /* Main.storyboard */; };
		6C0F40821C9A790D00F42EE2 /* Assets.xcassets in Resources */ = {isa = PBXBuildFile; fileRef = 6C0F40811C9A790D00F42EE2 /* Assets.xcassets */; };
		6C0F40851C9A790D00F42EE2 /* LaunchScreen.storyboard in Resources */ = {isa = PBXBuildFile; fileRef = 6C0F40831C9A790D00F42EE2 /* LaunchScreen.storyboard */; };
		6C0F40901C9A790D00F42EE2 /* HandCricketGameTests.swift in Sources */ = {isa = PBXBuildFile; fileRef = 6C0F408F1C9A790D00F42EE2 /* HandCricketGameTests.swift */; };
		6C0F409B1C9A790D00F42EE2 /* HandCricketGameUITests.swift in Sources */ = {isa = PBXBuildFile; fileRef = 6C0F409A1C9A790D00F42EE2 /* HandCricketGameUITests.swift */; };
/* End PBXBuildFile section */

/* Begin PBXContainerItemProxy section */
		6C0F408C1C9A790D00F42EE2 /* PBXContainerItemProxy */ = {
			isa = PBXContainerItemProxy;
			containerPortal = 6C0F406B1C9A790D00F42EE2 /* Project object */;
			proxyType = 1;
			remoteGlobalIDString = 6C0F40721C9A790D00F42EE2;
			remoteInfo = HandCricketGame;
		};
		6C0F40971C9A790D00F42EE2 /* PBXContainerItemProxy */ = {
			isa = PBXContainerItemProxy;
			containerPortal = 6C0F406B1C9A790D00F42EE2 /* Project object */;
			proxyType = 1;
			remoteGlobalIDString = 6C0F40721C9A790D00F42EE2;
			remoteInfo = HandCricketGame;
		};
/* End PBXContainerItemProxy section */

/* Begin PBXFileReference section */
		6C0F40731C9A790D00F42EE2 /* HandCricketGame.app */ = {isa = PBXFileReference; explicitFileType = wrapper.application; includeInIndex = 0; path = HandCricketGame.app; sourceTree = BUILT_PRODUCTS_DIR; };
		6C0F40761C9A790D00F42EE2 /* AppDelegate.swift */ = {isa = PBXFileReference; lastKnownFileType = sourcecode.swift; path = AppDelegate.swift; sourceTree = "<group>"; };
		6C0F40781C9A790D00F42EE2 /* GameScene.sks */ = {isa = PBXFileReference; lastKnownFileType = file.sks; path = GameScene.sks; sourceTree = "<group>"; };
		6C0F407A1C9A790D00F42EE2 /* GameScene.swift */ = {isa = PBXFileReference; lastKnownFileType = sourcecode.swift; path = GameScene.swift; sourceTree = "<group>"; };
		6C0F407C1C9A790D00F42EE2 /* GameViewController.swift */ = {isa = PBXFileReference; lastKnownFileType = sourcecode.swift; path = GameViewController.swift; sourceTree = "<group>"; };
		6C0F407F1C9A790D00F42EE2 /* Base */ = {isa = PBXFileReference; lastKnownFileType = file.storyboard; name = Base; path = Base.lproj/Main.storyboard; sourceTree = "<group>"; };
		6C0F40811C9A790D00F42EE2 /* Assets.xcassets */ = {isa = PBXFileReference; lastKnownFileType = folder.assetcatalog; path = Assets.xcassets; sourceTree = "<group>"; };
		6C0F40841C9A790D00F42EE2 /* Base */ = {isa = PBXFileReference; lastKnownFileType = file.storyboard; name = Base; path = Base.lproj/LaunchScreen.storyboard; sourceTree = "<group>"; };
		6C0F40861C9A790D00F42EE2 /* Info.plist */ = {isa = PBXFileReference; lastKnownFileType = text.plist.xml; path = Info.plist; sourceTree = "<group>"; };
		6C0F408B1C9A790D00F42EE2 /* HandCricketGameTests.xctest */ = {isa = PBXFileReference; explicitFileType = wrapper.cfbundle; includeInIndex = 0; path = HandCricketGameTests.xctest; sourceTree = BUILT_PRODUCTS_DIR; };
		6C0F408F1C9A790D00F42EE2 /* HandCricketGameTests.swift */ = {isa = PBXFileReference; lastKnownFileType = sourcecode.swift; path = HandCricketGameTests.swift; sourceTree = "<group>"; };
		6C0F40911C9A790D00F42EE2 /* Info.plist */ = {isa = PBXFileReference; lastKnownFileType = text.plist.xml; path = Info.plist; sourceTree = "<group>"; };
		6C0F40961C9A790D00F42EE2 /* HandCricketGameUITests.xctest */ = {isa = PBXFileReference; explicitFileType = wrapper.cfbundle; includeInIndex = 0; path = HandCricketGameUITests.xctest; sourceTree = BUILT_PRODUCTS_DIR; };
		6C0F409A1C9A790D00F42EE2 /* HandCricketGameUITests.swift */ = {isa = PBXFileReference; lastKnownFileType = sourcecode.swift; path = HandCricketGameUITests.swift; sourceTree = "<group>"; };
		6C0F409C1C9A790D00F42EE2 /* Info.plist */ = {isa = PBXFileReference; lastKnownFileType = text.plist.xml; path = Info.plist; sourceTree = "<group>"; };
/* End PBXFileReference section */

/* Begin PBXFrameworksBuildPhase section */
		6C0F40701C9A790D00F42EE2 /* Frameworks */ = {
			isa = PBXFrameworksBuildPhase;
			buildActionMask = 2147483647;
			files = (
			);
			runOnlyForDeploymentPostprocessing = 0;
		};
		6C0F40881C9A790D00F42EE2 /* Frameworks */ = {
			isa = PBXFrameworksBuildPhase;
			buildActionMask = 2147483647;
			files = (
			);
			runOnlyForDeploymentPostprocessing = 0;
		};
		6C0F40931C9A790D00F42EE2 /* Frameworks */ = {
			isa = PBXFrameworksBuildPhase;
			buildActionMask = 2147483647;
			files = (
			);
			runOnlyForDeploymentPostprocessing = 0;
		};
/* End PBXFrameworksBuildPhase section */

/* Begin PBXGroup section */
		6C0F406A1C9A790D00F42EE2 = {
			isa = PBXGroup;
			children = (
				6C0F40751C9A790D00F42EE2 /* HandCricketGame */,
				6C0F408E1C9A790D00F42EE2 /* HandCricketGameTests */,
				6C0F40991C9A790D00F42EE2 /* HandCricketGameUITests */,
				6C0F40741C9A790D00F42EE2 /* Products */,
			);
			sourceTree = "<group>";
		};
		6C0F40741C9A790D00F42EE2 /* Products */ = {
			isa = PBXGroup;
			children = (
				6C0F40731C9A790D00F42EE2 /* HandCricketGame.app */,
				6C0F408B1C9A790D00F42EE2 /* HandCricketGameTests.xctest */,
				6C0F40961C9A790D00F42EE2 /* HandCricketGameUITests.xctest */,
			);
			name = Products;
			sourceTree = "<group>";
		};
		6C0F40751C9A790D00F42EE2 /* HandCricketGame */ = {
			isa = PBXGroup;
			children = (
				6C0F40761C9A790D00F42EE2 /* AppDelegate.swift */,
				6C0F40781C9A790D00F42EE2 /* GameScene.sks */,
				6C0F407A1C9A790D00F42EE2 /* GameScene.swift */,
				6C0F407C1C9A790D00F42EE2 /* GameViewController.swift */,
				6C0F407E1C9A790D00F42EE2 /* Main.storyboard */,
				6C0F40811C9A790D00F42EE2 /* Assets.xcassets */,
				6C0F40831C9A790D00F42EE2 /* LaunchScreen.storyboard */,
				6C0F40861C9A790D00F42EE2 /* Info.plist */,
			);
			path = HandCricketGame;
			sourceTree = "<group>";
		};
		6C0F408E1C9A790D00F42EE2 /* HandCricketGameTests */ = {
			isa = PBXGroup;
			children = (
				6C0F408F1C9A790D00F42EE2 /* HandCricketGameTests.swift */,
				6C0F40911C9A790D00F42EE2 /* Info.plist */,
			);
			path = HandCricketGameTests;
			sourceTree = "<group>";
		};
		6C0F40991C9A790D00F42EE2 /* HandCricketGameUITests */ = {
			isa = PBXGroup;
			children = (
				6C0F409A1C9A790D00F42EE2 /* HandCricketGameUITests.swift */,
				6C0F409C1C9A790D00F42EE2 /* Info.plist */,
			);
			path = HandCricketGameUITests;
			sourceTree = "<group>";
		};
/* End PBXGroup section */

/* Begin PBXNativeTarget section */
		6C0F40721C9A790D00F42EE2 /* HandCricketGame */ = {
			isa = PBXNativeTarget;
			buildConfigurationList = 6C0F409F1C9A790D00F42EE2 /* Build configuration list for PBXNativeTarget "HandCricketGame" */;
			buildPhases = (
				6C0F406F1C9A790D00F42EE2 /* Sources */,
				6C0F40701C9A790D00F42EE2 /* Frameworks */,
				6C0F40711C9A790D00F42EE2 /* Resources */,
			);
			buildRules = (
			);
			dependencies = (
			);
			name = HandCricketGame;
			productName = HandCricketGame;
			productReference = 6C0F40731C9A790D00F42EE2 /* HandCricketGame.app */;
			productType = "com.apple.product-type.application";
		};
		6C0F408A1C9A790D00F42EE2 /* HandCricketGameTests */ = {
			isa = PBXNativeTarget;
			buildConfigurationList = 6C0F40A21C9A790D00F42EE2 /* Build configuration list for PBXNativeTarget "HandCricketGameTests" */;
			buildPhases = (
				6C0F40871C9A790D00F42EE2 /* Sources */,
				6C0F40881C9A790D00F42EE2 /* Frameworks */,
				6C0F40891C9A790D00F42EE2 /* Resources */,
			);
			buildRules = (
			);
			dependencies = (
				6C0F408D1C9A790D00F42EE2 /* PBXTargetDependency */,
			);
			name = HandCricketGameTests;
			productName = HandCricketGameTests;
			productReference = 6C0F408B1C9A790D00F42EE2 /* HandCricketGameTests.xctest */;
			productType = "com.apple.product-type.bundle.unit-test";
		};
		6C0F40951C9A790D00F42EE2 /* HandCricketGameUITests */ = {
			isa = PBXNativeTarget;
			buildConfigurationList = 6C0F40A51C9A790D00F42EE2 /* Build configuration list for PBXNativeTarget "HandCricketGameUITests" */;
			buildPhases = (
				6C0F40921C9A790D00F42EE2 /* Sources */,
				6C0F40931C9A790D00F42EE2 /* Frameworks */,
				6C0F40941C9A790D00F42EE2 /* Resources */,
			);
			buildRules = (
			);
			dependencies = (
				6C0F40981C9A790D00F42EE2 /* PBXTargetDependency */,
			);
			name = HandCricketGameUITests;
			productName = HandCricketGameUITests;
			productReference = 6C0F40961C9A790D00F42EE2 /* HandCricketGameUITests.xctest */;
			productType = "com.apple.product-type.bundle.ui-testing";
		};
/* End PBXNativeTarget section */

/* Begin PBXProject section */
		6C0F406B1C9A790D00F42EE2 /* Project object */ = {
			isa = PBXProject;
			attributes = {
				LastSwiftUpdateCheck = 0720;
				LastUpgradeCheck = 0720;
				ORGANIZATIONNAME = "Vineet Baid";
				TargetAttributes = {
					6C0F40721C9A790D00F42EE2 = {
						CreatedOnToolsVersion = 7.2;
					};
					6C0F408A1C9A790D00F42EE2 = {
						CreatedOnToolsVersion = 7.2;
						TestTargetID = 6C0F40721C9A790D00F42EE2;
					};
					6C0F40951C9A790D00F42EE2 = {
						CreatedOnToolsVersion = 7.2;
						TestTargetID = 6C0F40721C9A790D00F42EE2;
					};
				};
			};
			buildConfigurationList = 6C0F406E1C9A790D00F42EE2 /* Build configuration list for PBXProject "HandCricketGame" */;
			compatibilityVersion = "Xcode 3.2";
			developmentRegion = English;
			hasScannedForEncodings = 0;
			knownRegions = (
				en,
				Base,
			);
			mainGroup = 6C0F406A1C9A790D00F42EE2;
			productRefGroup = 6C0F40741C9A790D00F42EE2 /* Products */;
			projectDirPath = "";
			projectRoot = "";
			targets = (
				6C0F40721C9A790D00F42EE2 /* HandCricketGame */,
				6C0F408A1C9A790D00F42EE2 /* HandCricketGameTests */,
				6C0F40951C9A790D00F42EE2 /* HandCricketGameUITests */,
			);
		};
/* End PBXProject section */

/* Begin PBXResourcesBuildPhase section */
		6C0F40711C9A790D00F42EE2 /* Resources */ = {
			isa = PBXResourcesBuildPhase;
			buildActionMask = 2147483647;
			files = (
				6C0F40791C9A790D00F42EE2 /* GameScene.sks in Resources */,
				6C0F40851C9A790D00F42EE2 /* LaunchScreen.storyboard in Resources */,
				6C0F40821C9A790D00F42EE2 /* Assets.xcassets in Resources */,
				6C0F40801C9A790D00F42EE2 /* Main.storyboard in Resources */,
			);
			runOnlyForDeploymentPostprocessing = 0;
		};
		6C0F40891C9A790D00F42EE2 /* Resources */ = {
			isa = PBXResourcesBuildPhase;
			buildActionMask = 2147483647;
			files = (
			);
			runOnlyForDeploymentPostprocessing = 0;
		};
		6C0F40941C9A790D00F42EE2 /* Resources */ = {
			isa = PBXResourcesBuildPhase;
			buildActionMask = 2147483647;
			files = (
			);
			runOnlyForDeploymentPostprocessing = 0;
		};
/* End PBXResourcesBuildPhase section */

/* Begin PBXSourcesBuildPhase section */
		6C0F406F1C9A790D00F42EE2 /* Sources */ = {
			isa = PBXSourcesBuildPhase;
			buildActionMask = 2147483647;
			files = (
				6C0F407B1C9A790D00F42EE2 /* GameScene.swift in Sources */,
				6C0F407D1C9A790D00F42EE2 /* GameViewController.swift in Sources */,
				6C0F40771C9A790D00F42EE2 /* AppDelegate.swift in Sources */,
			);
			runOnlyForDeploymentPostprocessing = 0;
		};
		6C0F40871C9A790D00F42EE2 /* Sources */ = {
			isa = PBXSourcesBuildPhase;
			buildActionMask = 2147483647;
			files = (
				6C0F40901C9A790D00F42EE2 /* HandCricketGameTests.swift in Sources */,
			);
			runOnlyForDeploymentPostprocessing = 0;
		};
		6C0F40921C9A790D00F42EE2 /* Sources */ = {
			isa = PBXSourcesBuildPhase;
			buildActionMask = 2147483647;
			files = (
				6C0F409B1C9A790D00F42EE2 /* HandCricketGameUITests.swift in Sources */,
			);
			runOnlyForDeploymentPostprocessing = 0;
		};
/* End PBXSourcesBuildPhase section */

/* Begin PBXTargetDependency section */
		6C0F408D1C9A790D00F42EE2 /* PBXTargetDependency */ = {
			isa = PBXTargetDependency;
			target = 6C0F40721C9A790D00F42EE2 /* HandCricketGame */;
			targetProxy = 6C0F408C1C9A790D00F42EE2 /* PBXContainerItemProxy */;
		};
		6C0F40981C9A790D00F42EE2 /* PBXTargetDependency */ = {
			isa = PBXTargetDependency;
			target = 6C0F40721C9A790D00F42EE2 /* HandCricketGame */;
			targetProxy = 6C0F40971C9A790D00F42EE2 /* PBXContainerItemProxy */;
		};
/* End PBXTargetDependency section */

/* Begin PBXVariantGroup section */
		6C0F407E1C9A790D00F42EE2 /* Main.storyboard */ = {
			isa = PBXVariantGroup;
			children = (
				6C0F407F1C9A790D00F42EE2 /* Base */,
			);
			name = Main.storyboard;
			sourceTree = "<group>";
		};
		6C0F40831C9A790D00F42EE2 /* LaunchScreen.storyboard */ = {
			isa = PBXVariantGroup;
			children = (
				6C0F40841C9A790D00F42EE2 /* Base */,
			);
			name = LaunchScreen.storyboard;
			sourceTree = "<group>";
		};
/* End PBXVariantGroup section */

/* Begin XCBuildConfiguration section */
		6C0F409D1C9A790D00F42EE2 /* Debug */ = {
			isa = XCBuildConfiguration;
			buildSettings = {
				ALWAYS_SEARCH_USER_PATHS = NO;
				CLANG_CXX_LANGUAGE_STANDARD = "gnu++0x";
				CLANG_CXX_LIBRARY = "libc++";
				CLANG_ENABLE_MODULES = YES;
				CLANG_ENABLE_OBJC_ARC = YES;
				CLANG_WARN_BOOL_CONVERSION = YES;
				CLANG_WARN_CONSTANT_CONVERSION = YES;
				CLANG_WARN_DIRECT_OBJC_ISA_USAGE = YES_ERROR;
				CLANG_WARN_EMPTY_BODY = YES;
				CLANG_WARN_ENUM_CONVERSION = YES;
				CLANG_WARN_INT_CONVERSION = YES;
				CLANG_WARN_OBJC_ROOT_CLASS = YES_ERROR;
				CLANG_WARN_UNREACHABLE_CODE = YES;
				CLANG_WARN__DUPLICATE_METHOD_MATCH = YES;
				"CODE_SIGN_IDENTITY[sdk=iphoneos*]" = "iPhone Developer";
				COPY_PHASE_STRIP = NO;
				DEBUG_INFORMATION_FORMAT = "dwarf-with-dsym";
				ENABLE_STRICT_OBJC_MSGSEND = YES;
				ENABLE_TESTABILITY = YES;
				GCC_C_LANGUAGE_STANDARD = gnu99;
				GCC_DYNAMIC_NO_PIC = NO;
				GCC_NO_COMMON_BLOCKS = YES;
				GCC_OPTIMIZATION_LEVEL = 0;
				GCC_PREPROCESSOR_DEFINITIONS = (
					"DEBUG=1",
					"$(inherited)",
				);
				GCC_WARN_64_TO_32_BIT_CONVERSION = YES;
				GCC_WARN_ABOUT_RETURN_TYPE = YES_ERROR;
				GCC_WARN_UNDECLARED_SELECTOR = YES;
				GCC_WARN_UNINITIALIZED_AUTOS = YES_AGGRESSIVE;
				GCC_WARN_UNUSED_FUNCTION = YES;
				GCC_WARN_UNUSED_VARIABLE = YES;
				IPHONEOS_DEPLOYMENT_TARGET = 9.2;
				MTL_ENABLE_DEBUG_INFO = YES;
				ONLY_ACTIVE_ARCH = YES;
				SDKROOT = iphoneos;
				SWIFT_OPTIMIZATION_LEVEL = "-Onone";
				TARGETED_DEVICE_FAMILY = "1,2";
			};
			name = Debug;
		};
		6C0F409E1C9A790D00F42EE2 /* Release */ = {
			isa = XCBuildConfiguration;
			buildSettings = {
				ALWAYS_SEARCH_USER_PATHS = NO;
				CLANG_CXX_LANGUAGE_STANDARD = "gnu++0x";
				CLANG_CXX_LIBRARY = "libc++";
				CLANG_ENABLE_MODULES = YES;
				CLANG_ENABLE_OBJC_ARC = YES;
				CLANG_WARN_BOOL_CONVERSION = YES;
				CLANG_WARN_CONSTANT_CONVERSION = YES;
				CLANG_WARN_DIRECT_OBJC_ISA_USAGE = YES_ERROR;
				CLANG_WARN_EMPTY_BODY = YES;
				CLANG_WARN_ENUM_CONVERSION = YES;
				CLANG_WARN_INT_CONVERSION = YES;
				CLANG_WARN_OBJC_ROOT_CLASS = YES_ERROR;
				CLANG_WARN_UNREACHABLE_CODE = YES;
				CLANG_WARN__DUPLICATE_METHOD_MATCH = YES;
				"CODE_SIGN_IDENTITY[sdk=iphoneos*]" = "iPhone Developer";
				COPY_PHASE_STRIP = NO;
				DEBUG_INFORMATION_FORMAT = "dwarf-with-dsym";
				ENABLE_NS_ASSERTIONS = NO;
				ENABLE_STRICT_OBJC_MSGSEND = YES;
				GCC_C_LANGUAGE_STANDARD = gnu99;
				GCC_NO_COMMON_BLOCKS = YES;
				GCC_WARN_64_TO_32_BIT_CONVERSION = YES;
				GCC_WARN_ABOUT_RETURN_TYPE = YES_ERROR;
				GCC_WARN_UNDECLARED_SELECTOR = YES;
				GCC_WARN_UNINITIALIZED_AUTOS = YES_AGGRESSIVE;
				GCC_WARN_UNUSED_FUNCTION = YES;
				GCC_WARN_UNUSED_VARIABLE = YES;
				IPHONEOS_DEPLOYMENT_TARGET = 9.2;
				MTL_ENABLE_DEBUG_INFO = NO;
				SDKROOT = iphoneos;
				TARGETED_DEVICE_FAMILY = "1,2";
				VALIDATE_PRODUCT = YES;
			};
			name = Release;
		};
		6C0F40A01C9A790D00F42EE2 /* Debug */ = {
			isa = XCBuildConfiguration;
			buildSettings = {
				ASSETCATALOG_COMPILER_APPICON_NAME = AppIcon;
				INFOPLIST_FILE = HandCricketGame/Info.plist;
				LD_RUNPATH_SEARCH_PATHS = "$(inherited) @executable_path/Frameworks";
				PRODUCT_BUNDLE_IDENTIFIER = com.VineetBaid.HandCricketGame;
				PRODUCT_NAME = "$(TARGET_NAME)";
			};
			name = Debug;
		};
		6C0F40A11C9A790D00F42EE2 /* Release */ = {
			isa = XCBuildConfiguration;
			buildSettings = {
				ASSETCATALOG_COMPILER_APPICON_NAME = AppIcon;
				INFOPLIST_FILE = HandCricketGame/Info.plist;
				LD_RUNPATH_SEARCH_PATHS = "$(inherited) @executable_path/Frameworks";
				PRODUCT_BUNDLE_IDENTIFIER = com.VineetBaid.HandCricketGame;
				PRODUCT_NAME = "$(TARGET_NAME)";
			};
			name = Release;
		};
		6C0F40A31C9A790D00F42EE2 /* Debug */ = {
			isa = XCBuildConfiguration;
			buildSettings = {
				BUNDLE_LOADER = "$(TEST_HOST)";
				DEBUG_INFORMATION_FORMAT = dwarf;
				INFOPLIST_FILE = HandCricketGameTests/Info.plist;
				LD_RUNPATH_SEARCH_PATHS = "$(inherited) @executable_path/Frameworks @loader_path/Frameworks";
				PRODUCT_BUNDLE_IDENTIFIER = com.VineetBaid.HandCricketGameTests;
				PRODUCT_NAME = "$(TARGET_NAME)";
				TEST_HOST = "$(BUILT_PRODUCTS_DIR)/HandCricketGame.app/HandCricketGame";
			};
			name = Debug;
		};
		6C0F40A41C9A790D00F42EE2 /* Release */ = {
			isa = XCBuildConfiguration;
			buildSettings = {
				BUNDLE_LOADER = "$(TEST_HOST)";
				INFOPLIST_FILE = HandCricketGameTests/Info.plist;
				LD_RUNPATH_SEARCH_PATHS = "$(inherited) @executable_path/Frameworks @loader_path/Frameworks";
				PRODUCT_BUNDLE_IDENTIFIER = com.VineetBaid.HandCricketGameTests;
				PRODUCT_NAME = "$(TARGET_NAME)";
				TEST_HOST = "$(BUILT_PRODUCTS_DIR)/HandCricketGame.app/HandCricketGame";
			};
			name = Release;
		};
		6C0F40A61C9A790D00F42EE2 /* Debug */ = {
			isa = XCBuildConfiguration;
			buildSettings = {
				DEBUG_INFORMATION_FORMAT = dwarf;
				INFOPLIST_FILE = HandCricketGameUITests/Info.plist;
				LD_RUNPATH_SEARCH_PATHS = "$(inherited) @executable_path/Frameworks @loader_path/Frameworks";
				PRODUCT_BUNDLE_IDENTIFIER = com.VineetBaid.HandCricketGameUITests;
				PRODUCT_NAME = "$(TARGET_NAME)";
				TEST_TARGET_NAME = HandCricketGame;
				USES_XCTRUNNER = YES;
			};
			name = Debug;
		};
		6C0F40A71C9A790D00F42EE2 /* Release */ = {
			isa = XCBuildConfiguration;
			buildSettings = {
				INFOPLIST_FILE = HandCricketGameUITests/Info.plist;
				LD_RUNPATH_SEARCH_PATHS = "$(inherited) @executable_path/Frameworks @loader_path/Frameworks";
				PRODUCT_BUNDLE_IDENTIFIER = com.VineetBaid.HandCricketGameUITests;
				PRODUCT_NAME = "$(TARGET_NAME)";
				TEST_TARGET_NAME = HandCricketGame;
				USES_XCTRUNNER = YES;
			};
			name = Release;
		};
/* End XCBuildConfiguration section */

/* Begin XCConfigurationList section */
		6C0F406E1C9A790D00F42EE2 /* Build configuration list for PBXProject "HandCricketGame" */ = {
			isa = XCConfigurationList;
			buildConfigurations = (
				6C0F409D1C9A790D00F42EE2 /* Debug */,
				6C0F409E1C9A790D00F42EE2 /* Release */,
			);
			defaultConfigurationIsVisible = 0;
			defaultConfigurationName = Release;
		};
		6C0F409F1C9A790D00F42EE2 /* Build configuration list for PBXNativeTarget "HandCricketGame" */ = {
			isa = XCConfigurationList;
			buildConfigurations = (
				6C0F40A01C9A790D00F42EE2 /* Debug */,
				6C0F40A11C9A790D00F42EE2 /* Release */,
			);
			defaultConfigurationIsVisible = 0;
		};
		6C0F40A21C9A790D00F42EE2 /* Build configuration list for PBXNativeTarget "HandCricketGameTests" */ = {
			isa = XCConfigurationList;
			buildConfigurations = (
				6C0F40A31C9A790D00F42EE2 /* Debug */,
				6C0F40A41C9A790D00F42EE2 /* Release */,
			);
			defaultConfigurationIsVisible = 0;
		};
		6C0F40A51C9A790D00F42EE2 /* Build configuration list for PBXNativeTarget "HandCricketGameUITests" */ = {
			isa = XCConfigurationList;
			buildConfigurations = (
				6C0F40A61C9A790D00F42EE2 /* Debug */,
				6C0F40A71C9A790D00F42EE2 /* Release */,
			);
			defaultConfigurationIsVisible = 0;
		};
/* End XCConfigurationList section */
	};
	rootObject = 6C0F406B1C9A790D00F42EE2 /* Project object */;
}
